
Microsoft Visual Studio Solution File, Format Version 12.00
# Visual Studio Version 18
VisualStudioVersion = 18.3.11505.172 d18.3
MinimumVisualStudioVersion = 10.0.40219.1
Project("{FAE04EC0-301F-11D3-BF4B-00C04F79EFBC}") = "MidTask01", "MidTask01.csproj", "{BB239999-0428-33D6-0745-374FB0D502E6}"
EndProject
Global
	GlobalSection(SolutionConfigurationPlatforms) = preSolution
		Debug|Any CPU = Debug|Any CPU
		Release|Any CPU = Release|Any CPU
	EndGlobalSection
	GlobalSection(ProjectConfigurationPlatforms) = postSolution
		{BB239999-0428-33D6-0745-374FB0D502E6}.Debug|Any CPU.ActiveCfg = Debug|Any CPU
		{BB239999-0428-33D6-0745-374FB0D502E6}.Debug|Any CPU.Build.0 = Debug|Any CPU
		{BB239999-0428-33D6-0745-374FB0D502E6}.Release|Any CPU.ActiveCfg = Release|Any CPU
		{BB239999-0428-33D6-0745-374FB0D502E6}.Release|Any CPU.Build.0 = Release|Any CPU
	EndGlobalSection
	GlobalSection(SolutionProperties) = preSolution
		HideSolutionNode = FALSE
	EndGlobalSection
	GlobalSection(ExtensibilityGlobals) = postSolution
		SolutionGuid = {24BE6E12-70E9-4425-95FB-A18CDE5A1A5B}
	EndGlobalSection
EndGlobal
